
Microsoft Visual Studio Solution File, Format Version 12.00
# Visual Studio Version 17
VisualStudioVersion = 17.9.34622.214
MinimumVisualStudioVersion = 10.0.40219.1
Project("{FAE04EC0-301F-11D3-BF4B-00C04F79EFBC}") = "PedidoDeCompra", "PedidoDeCompra\PedidoDeCompra.csproj", "{D6B18F6F-6E82-43DC-B498-17AB5D5288CE}"
EndProject
Global
	GlobalSection(SolutionConfigurationPlatforms) = preSolution
		Debug|Any CPU = Debug|Any CPU
		Release|Any CPU = Release|Any CPU
	EndGlobalSection
	GlobalSection(ProjectConfigurationPlatforms) = postSolution
		{D6B18F6F-6E82-43DC-B498-17AB5D5288CE}.Debug|Any CPU.ActiveCfg = Debug|Any CPU
		{D6B18F6F-6E82-43DC-B498-17AB5D5288CE}.Debug|Any CPU.Build.0 = Debug|Any CPU
		{D6B18F6F-6E82-43DC-B498-17AB5D5288CE}.Release|Any CPU.ActiveCfg = Release|Any CPU
		{D6B18F6F-6E82-43DC-B498-17AB5D5288CE}.Release|Any CPU.Build.0 = Release|Any CPU
	EndGlobalSection
	GlobalSection(SolutionProperties) = preSolution
		HideSolutionNode = FALSE
	EndGlobalSection
	GlobalSection(ExtensibilityGlobals) = postSolution
		SolutionGuid = {F186FD83-A605-49E0-85D7-109A496E7E3D}
	EndGlobalSection
EndGlobal
